Microsoft Visual Studio Solution File, Format Version 12.00
# Visual Studio Version 17
VisualStudioVersion = 17.5.2.0
MinimumVisualStudioVersion = 10.0.40219.1
Project("{FAE04EC0-301F-11D3-BF4B-00C04F79EFBC}") = "StyleSyndicatePrjBE", "StyleSyndicatePrjBE.csproj", "{F73F0DC7-DB26-9A5B-D004-BF9C50A566F7}"
EndProject
Global
	GlobalSection(SolutionConfigurationPlatforms) = preSolution
		Debug|Any CPU = Debug|Any CPU
		Release|Any CPU = Release|Any CPU
	EndGlobalSection
	GlobalSection(ProjectConfigurationPlatforms) = postSolution
		{F73F0DC7-DB26-9A5B-D004-BF9C50A566F7}.Debug|Any CPU.ActiveCfg = Debug|Any CPU
		{F73F0DC7-DB26-9A5B-D004-BF9C50A566F7}.Debug|Any CPU.Build.0 = Debug|Any CPU
		{F73F0DC7-DB26-9A5B-D004-BF9C50A566F7}.Release|Any CPU.ActiveCfg = Release|Any CPU
		{F73F0DC7-DB26-9A5B-D004-BF9C50A566F7}.Release|Any CPU.Build.0 = Release|Any CPU
	EndGlobalSection
	GlobalSection(SolutionProperties) = preSolution
		HideSolutionNode = FALSE
	EndGlobalSection
	GlobalSection(ExtensibilityGlobals) = postSolution
		SolutionGuid = {BBF31F09-9B90-488E-97D6-18F12E8F5087}
	EndGlobalSection
EndGlobal
